
Microsoft Visual Studio Solution File, Format Version 12.00
# Visual Studio Version 16
VisualStudioVersion = 16.0.34031.81
MinimumVisualStudioVersion = 10.0.40219.1
Project("{F184B08F-C81C-45F6-A57F-5ABD9991F28F}") = "Ejercicio5", "Ejercicio5\Ejercicio5.vbproj", "{50AF535F-B103-43CB-B533-C224801017D8}"
EndProject
Global
	GlobalSection(SolutionConfigurationPlatforms) = preSolution
		Debug|Any CPU = Debug|Any CPU
		Release|Any CPU = Release|Any CPU
	EndGlobalSection
	GlobalSection(ProjectConfigurationPlatforms) = postSolution
		{50AF535F-B103-43CB-B533-C224801017D8}.Debug|Any CPU.ActiveCfg = Debug|Any CPU
		{50AF535F-B103-43CB-B533-C224801017D8}.Debug|Any CPU.Build.0 = Debug|Any CPU
		{50AF535F-B103-43CB-B533-C224801017D8}.Release|Any CPU.ActiveCfg = Release|Any CPU
		{50AF535F-B103-43CB-B533-C224801017D8}.Release|Any CPU.Build.0 = Release|Any CPU
	EndGlobalSection
	GlobalSection(SolutionProperties) = preSolution
		HideSolutionNode = FALSE
	EndGlobalSection
	GlobalSection(ExtensibilityGlobals) = postSolution
		SolutionGuid = {C0738629-0AD1-4112-8317-4C297915D608}
	EndGlobalSection
EndGlobal
